
Microsoft Visual Studio Solution File, Format Version 12.00
# Visual Studio 2013
VisualStudioVersion = 12.0.21005.1
MinimumVisualStudioVersion = 10.0.40219.1
Project("{8BC9CEB8-8B4A-11D0-8D11-00A0C91BC942}") = "JsonGeneratorTests", "JsonGeneratorTests\JsonGeneratorTests.vcxproj", "{B9545D97-E084-4A19-8E48-929157064360}"
EndProject
Project("{8BC9CEB8-8B4A-11D0-8D11-00A0C91BC942}") = "JsonParserTests", "JsonParserTests\JsonParserTests.vcxproj", "{4DD596EF-0185-4AB4-A3C2-F20C496F7806}"
EndProject
Project("{8BC9CEB8-8B4A-11D0-8D11-00A0C91BC942}") = "JsonParser", "JsonParser\JsonParser.vcxproj", "{C15274DE-2695-4DFE-8520-4424223FE6DA}"
EndProject
Project("{8BC9CEB8-8B4A-11D0-8D11-00A0C91BC942}") = "JsonGenerator", "JsonGenerator\JsonGenerator.vcxproj", "{C6536D27-738D-4CEB-A2BC-E13C8897D894}"
EndProject
Global
	GlobalSection(SolutionConfigurationPlatforms) = preSolution
		Debug|Win32 = Debug|Win32
		Release|Win32 = Release|Win32
	EndGlobalSection
	GlobalSection(ProjectConfigurationPlatforms) = postSolution
		{B9545D97-E084-4A19-8E48-929157064360}.Debug|Win32.ActiveCfg = Debug|Win32
		{B9545D97-E084-4A19-8E48-929157064360}.Debug|Win32.Build.0 = Debug|Win32
		{B9545D97-E084-4A19-8E48-929157064360}.Release|Win32.ActiveCfg = Release|Win32
		{B9545D97-E084-4A19-8E48-929157064360}.Release|Win32.Build.0 = Release|Win32
		{4DD596EF-0185-4AB4-A3C2-F20C496F7806}.Debug|Win32.ActiveCfg = Debug|Win32
		{4DD596EF-0185-4AB4-A3C2-F20C496F7806}.Debug|Win32.Build.0 = Debug|Win32
		{4DD596EF-0185-4AB4-A3C2-F20C496F7806}.Release|Win32.ActiveCfg = Release|Win32
		{4DD596EF-0185-4AB4-A3C2-F20C496F7806}.Release|Win32.Build.0 = Release|Win32
		{C15274DE-2695-4DFE-8520-4424223FE6DA}.Debug|Win32.ActiveCfg = Debug|Win32
		{C15274DE-2695-4DFE-8520-4424223FE6DA}.Debug|Win32.Build.0 = Debug|Win32
		{C15274DE-2695-4DFE-8520-4424223FE6DA}.Release|Win32.ActiveCfg = Release|Win32
		{C15274DE-2695-4DFE-8520-4424223FE6DA}.Release|Win32.Build.0 = Release|Win32
		{C6536D27-738D-4CEB-A2BC-E13C8897D894}.Debug|Win32.ActiveCfg = Debug|Win32
		{C6536D27-738D-4CEB-A2BC-E13C8897D894}.Debug|Win32.Build.0 = Debug|Win32
		{C6536D27-738D-4CEB-A2BC-E13C8897D894}.Release|Win32.ActiveCfg = Release|Win32
		{C6536D27-738D-4CEB-A2BC-E13C8897D894}.Release|Win32.Build.0 = Release|Win32
	EndGlobalSection
	GlobalSection(SolutionProperties) = preSolution
		HideSolutionNode = FALSE
	EndGlobalSection
EndGlobal
